
Microsoft Visual Studio Solution File, Format Version 12.00
# Visual Studio Version 16
VisualStudioVersion = 16.0.31624.102
MinimumVisualStudioVersion = 10.0.40219.1
Project("{FAE04EC0-301F-11D3-BF4B-00C04F79EFBC}") = "Gatlin.WCF.Hosting", "Gatlin.WCF.Hosting\Gatlin.WCF.Hosting.csproj", "{B718F245-A6A4-4B25-A0A4-1E745CABE4F5}"
EndProject
Project("{FAE04EC0-301F-11D3-BF4B-00C04F79EFBC}") = "Gatlin.WCF.Contracts", "Gatlin.WCF.Contracts\Gatlin.WCF.Contracts.csproj", "{CAA41EC5-4444-4439-AE46-88F8B14989B1}"
EndProject
Project("{FAE04EC0-301F-11D3-BF4B-00C04F79EFBC}") = "Gatlin.WCF.Services", "Gatlin.WCF.Services\Gatlin.WCF.Services.csproj", "{735DE7E7-763D-442C-8CA1-924A68046DB5}"
EndProject
Global
	GlobalSection(SolutionConfigurationPlatforms) = preSolution
		Debug|Any CPU = Debug|Any CPU
		Release|Any CPU = Release|Any CPU
	EndGlobalSection
	GlobalSection(ProjectConfigurationPlatforms) = postSolution
		{B718F245-A6A4-4B25-A0A4-1E745CABE4F5}.Debug|Any CPU.ActiveCfg = Debug|Any CPU
		{B718F245-A6A4-4B25-A0A4-1E745CABE4F5}.Debug|Any CPU.Build.0 = Debug|Any CPU
		{B718F245-A6A4-4B25-A0A4-1E745CABE4F5}.Release|Any CPU.ActiveCfg = Release|Any CPU
		{B718F245-A6A4-4B25-A0A4-1E745CABE4F5}.Release|Any CPU.Build.0 = Release|Any CPU
		{CAA41EC5-4444-4439-AE46-88F8B14989B1}.Debug|Any CPU.ActiveCfg = Debug|Any CPU
		{CAA41EC5-4444-4439-AE46-88F8B14989B1}.Debug|Any CPU.Build.0 = Debug|Any CPU
		{CAA41EC5-4444-4439-AE46-88F8B14989B1}.Release|Any CPU.ActiveCfg = Release|Any CPU
		{CAA41EC5-4444-4439-AE46-88F8B14989B1}.Release|Any CPU.Build.0 = Release|Any CPU
		{735DE7E7-763D-442C-8CA1-924A68046DB5}.Debug|Any CPU.ActiveCfg = Debug|Any CPU
		{735DE7E7-763D-442C-8CA1-924A68046DB5}.Debug|Any CPU.Build.0 = Debug|Any CPU
		{735DE7E7-763D-442C-8CA1-924A68046DB5}.Release|Any CPU.ActiveCfg = Release|Any CPU
		{735DE7E7-763D-442C-8CA1-924A68046DB5}.Release|Any CPU.Build.0 = Release|Any CPU
	EndGlobalSection
	GlobalSection(SolutionProperties) = preSolution
		HideSolutionNode = FALSE
	EndGlobalSection
	GlobalSection(ExtensibilityGlobals) = postSolution
		SolutionGuid = {1203A1B6-2227-48FB-9365-A002BA1709AA}
	EndGlobalSection
EndGlobal
